{
  "name": "05-pruebalocal",
  "version": "1.0.0",
  "lockfileVersion": 3,
  "requires": true,
  "packages": {
    "": {
      "name": "05-pruebalocal",
      "version": "1.0.0",
      "license": "ISC",
      "dependencies": {
        "04-npmmodulos": "file:../04-npmModulos"
      }
    },
    "../04-npmModulos": {
      "name": "04-npmmodulos",
      "version": "1.0.0",
      "license": "ISC",
      "dependencies": {
        "colors": "^1.4.0"
      }
    },
    "node_modules/04-npmmodulos": {
      "resolved": "../04-npmModulos",
      "link": true
    }
  }
}
